// !$*UTF8*$!
{
	archiveVersion = 1;
	classes = {
	};
	objectVersion = 50;
	objects = {

/* Begin PBXBuildFile section */
		CA4C28C925275B0900A9FEBA /* ManuscriptApp.swift in Sources */ = {isa = PBXBuildFile; fileRef = CA4C28C825275B0900A9FEBA /* ManuscriptApp.swift */; };
		CA4C28CB25275B0900A9FEBA /* ContentView.swift in Sources */ = {isa = PBXBuildFile; fileRef = CA4C28CA25275B0900A9FEBA /* ContentView.swift */; };
		CA4C28CD25275B0B00A9FEBA /* Assets.xcassets in Resources */ = {isa = PBXBuildFile; fileRef = CA4C28CC25275B0B00A9FEBA /* Assets.xcassets */; };
		CA4C28D025275B0B00A9FEBA /* Preview Assets.xcassets in Resources */ = {isa = PBXBuildFile; fileRef = CA4C28CF25275B0B00A9FEBA /* Preview Assets.xcassets */; };
		CA4C28D225275B0B00A9FEBA /* Persistence.swift in Sources */ = {isa = PBXBuildFile; fileRef = CA4C28D125275B0B00A9FEBA /* Persistence.swift */; };
		CA4C28D525275B0B00A9FEBA /* Manuscript.xcdatamodeld in Sources */ = {isa = PBXBuildFile; fileRef = CA4C28D325275B0B00A9FEBA /* Manuscript.xcdatamodeld */; };
		CA4C28E025275B0B00A9FEBA /* ManuscriptTests.swift in Sources */ = {isa = PBXBuildFile; fileRef = CA4C28DF25275B0B00A9FEBA /* ManuscriptTests.swift */; };
		CA4C28EB25275B0B00A9FEBA /* ManuscriptUITests.swift in Sources */ = {isa = PBXBuildFile; fileRef = CA4C28EA25275B0B00A9FEBA /* ManuscriptUITests.swift */; };
		CA4C28FE25275C1D00A9FEBA /* Symbol.swift in Sources */ = {isa = PBXBuildFile; fileRef = CA4C28FB25275C1C00A9FEBA /* Symbol.swift */; };
		CA4C28FF25275C1D00A9FEBA /* SymbolPosition.swift in Sources */ = {isa = PBXBuildFile; fileRef = CA4C28FC25275C1C00A9FEBA /* SymbolPosition.swift */; };
		CA4C290525275C3D00A9FEBA /* SymbolEnum.swift in Sources */ = {isa = PBXBuildFile; fileRef = CA4C290425275C3D00A9FEBA /* SymbolEnum.swift */; };
		CA6BEFC6253F6CD7001CEBF1 /* CGImage+CVPixelBuffer.swift in Sources */ = {isa = PBXBuildFile; fileRef = CA6BEFC5253F6CD7001CEBF1 /* CGImage+CVPixelBuffer.swift */; };
		CA7C343F252CCEB500602ED9 /* DrawableStaff.swift in Sources */ = {isa = PBXBuildFile; fileRef = CA7C343E252CCEB500602ED9 /* DrawableStaff.swift */; };
		CA7C3444252CCF6400602ED9 /* Drawing.swift in Sources */ = {isa = PBXBuildFile; fileRef = CA7C3443252CCF6400602ED9 /* Drawing.swift */; };
		CA7C346B252D0FD400602ED9 /* ImageClassifier.swift in Sources */ = {isa = PBXBuildFile; fileRef = CA7C346A252D0FD400602ED9 /* ImageClassifier.swift */; };
		CA7E2D9625643A5F00DC79A7 /* SymbolClassifier.mlmodel in Sources */ = {isa = PBXBuildFile; fileRef = CA7E2D9525643A5F00DC79A7 /* SymbolClassifier.mlmodel */; };
		CAA6407F252A3B910001E6BF /* Staff.swift in Sources */ = {isa = PBXBuildFile; fileRef = CAA6407E252A3B910001E6BF /* Staff.swift */; };
		CAA64091252A3C760001E6BF /* TimeSignature.swift in Sources */ = {isa = PBXBuildFile; fileRef = CAA64090252A3C760001E6BF /* TimeSignature.swift */; };
		CAA64096252A3CE60001E6BF /* Clef.swift in Sources */ = {isa = PBXBuildFile; fileRef = CAA64095252A3CE60001E6BF /* Clef.swift */; };
		CAA6409B252A3D400001E6BF /* NoteRest.swift in Sources */ = {isa = PBXBuildFile; fileRef = CAA6409A252A3D400001E6BF /* NoteRest.swift */; };
		CAA640A0252A3DA90001E6BF /* Accidental.swift in Sources */ = {isa = PBXBuildFile; fileRef = CAA6409F252A3DA90001E6BF /* Accidental.swift */; };
		CAA640A8252A40890001E6BF /* Bar.swift in Sources */ = {isa = PBXBuildFile; fileRef = CAA640A7252A40880001E6BF /* Bar.swift */; };
/* End PBXBuildFile section */

/* Begin PBXContainerItemProxy section */
		CA4C28DC25275B0B00A9FEBA /* PBXContainerItemProxy */ = {
			isa = PBXContainerItemProxy;
			containerPortal = CA4C28BD25275B0900A9FEBA /* Project object */;
			proxyType = 1;
			remoteGlobalIDString = CA4C28C425275B0900A9FEBA;
			remoteInfo = Manuscript;
		};
		CA4C28E725275B0B00A9FEBA /* PBXContainerItemProxy */ = {
			isa = PBXContainerItemProxy;
			containerPortal = CA4C28BD25275B0900A9FEBA /* Project object */;
			proxyType = 1;
			remoteGlobalIDString = CA4C28C425275B0900A9FEBA;
			remoteInfo = Manuscript;
		};
/* End PBXContainerItemProxy section */

/* Begin PBXFileReference section */
		CA4C28C525275B0900A9FEBA /* Manuscript.app */ = {isa = PBXFileReference; explicitFileType = wrapper.application; includeInIndex = 0; path = Manuscript.app; sourceTree = BUILT_PRODUCTS_DIR; };
		CA4C28C825275B0900A9FEBA /* ManuscriptApp.swift */ = {isa = PBXFileReference; lastKnownFileType = sourcecode.swift; path = ManuscriptApp.swift; sourceTree = "<group>"; };
		CA4C28CA25275B0900A9FEBA /* ContentView.swift */ = {isa = PBXFileReference; lastKnownFileType = sourcecode.swift; path = ContentView.swift; sourceTree = "<group>"; };
		CA4C28CC25275B0B00A9FEBA /* Assets.xcassets */ = {isa = PBXFileReference; lastKnownFileType = folder.assetcatalog; path = Assets.xcassets; sourceTree = "<group>"; };
		CA4C28CF25275B0B00A9FEBA /* Preview Assets.xcassets */ = {isa = PBXFileReference; lastKnownFileType = folder.assetcatalog; path = "Preview Assets.xcassets"; sourceTree = "<group>"; };
		CA4C28D125275B0B00A9FEBA /* Persistence.swift */ = {isa = PBXFileReference; lastKnownFileType = sourcecode.swift; path = Persistence.swift; sourceTree = "<group>"; };
		CA4C28D425275B0B00A9FEBA /* Manuscript.xcdatamodel */ = {isa = PBXFileReference; lastKnownFileType = wrapper.xcdatamodel; path = Manuscript.xcdatamodel; sourceTree = "<group>"; };
		CA4C28D625275B0B00A9FEBA /* Info.plist */ = {isa = PBXFileReference; lastKnownFileType = text.plist.xml; path = Info.plist; sourceTree = "<group>"; };
		CA4C28DB25275B0B00A9FEBA /* ManuscriptTests.xctest */ = {isa = PBXFileReference; explicitFileType = wrapper.cfbundle; includeInIndex = 0; path = ManuscriptTests.xctest; sourceTree = BUILT_PRODUCTS_DIR; };
		CA4C28DF25275B0B00A9FEBA /* ManuscriptTests.swift */ = {isa = PBXFileReference; lastKnownFileType = sourcecode.swift; path = ManuscriptTests.swift; sourceTree = "<group>"; };
		CA4C28E125275B0B00A9FEBA /* Info.plist */ = {isa = PBXFileReference; lastKnownFileType = text.plist.xml; path = Info.plist; sourceTree = "<group>"; };
		CA4C28E625275B0B00A9FEBA /* ManuscriptUITests.xctest */ = {isa = PBXFileReference; explicitFileType = wrapper.cfbundle; includeInIndex = 0; path = ManuscriptUITests.xctest; sourceTree = BUILT_PRODUCTS_DIR; };
		CA4C28EA25275B0B00A9FEBA /* ManuscriptUITests.swift */ = {isa = PBXFileReference; lastKnownFileType = sourcecode.swift; path = ManuscriptUITests.swift; sourceTree = "<group>"; };
		CA4C28EC25275B0B00A9FEBA /* Info.plist */ = {isa = PBXFileReference; lastKnownFileType = text.plist.xml; path = Info.plist; sourceTree = "<group>"; };
		CA4C28FB25275C1C00A9FEBA /* Symbol.swift */ = {isa = PBXFileReference; fileEncoding = 4; lastKnownFileType = sourcecode.swift; path = Symbol.swift; sourceTree = "<group>"; };
		CA4C28FC25275C1C00A9FEBA /* SymbolPosition.swift */ = {isa = PBXFileReference; fileEncoding = 4; lastKnownFileType = sourcecode.swift; path = SymbolPosition.swift; sourceTree = "<group>"; };
		CA4C290425275C3D00A9FEBA /* SymbolEnum.swift */ = {isa = PBXFileReference; fileEncoding = 4; lastKnownFileType = sourcecode.swift; path = SymbolEnum.swift; sourceTree = "<group>"; };
		CA6BEFC5253F6CD7001CEBF1 /* CGImage+CVPixelBuffer.swift */ = {isa = PBXFileReference; lastKnownFileType = sourcecode.swift; path = "CGImage+CVPixelBuffer.swift"; sourceTree = "<group>"; };
		CA7C343E252CCEB500602ED9 /* DrawableStaff.swift */ = {isa = PBXFileReference; lastKnownFileType = sourcecode.swift; path = DrawableStaff.swift; sourceTree = "<group>"; };
		CA7C3443252CCF6400602ED9 /* Drawing.swift */ = {isa = PBXFileReference; lastKnownFileType = sourcecode.swift; path = Drawing.swift; sourceTree = "<group>"; };
		CA7C346A252D0FD400602ED9 /* ImageClassifier.swift */ = {isa = PBXFileReference; lastKnownFileType = sourcecode.swift; path = ImageClassifier.swift; sourceTree = "<group>"; };
		CA7E2D9525643A5F00DC79A7 /* SymbolClassifier.mlmodel */ = {isa = PBXFileReference; lastKnownFileType = file.mlmodel; path = SymbolClassifier.mlmodel; sourceTree = "<group>"; };
		CAA6407E252A3B910001E6BF /* Staff.swift */ = {isa = PBXFileReference; lastKnownFileType = sourcecode.swift; path = Staff.swift; sourceTree = "<group>"; };
		CAA64090252A3C760001E6BF /* TimeSignature.swift */ = {isa = PBXFileReference; lastKnownFileType = sourcecode.swift; path = TimeSignature.swift; sourceTree = "<group>"; };
		CAA64095252A3CE60001E6BF /* Clef.swift */ = {isa = PBXFileReference; lastKnownFileType = sourcecode.swift; path = Clef.swift; sourceTree = "<group>"; };
		CAA6409A252A3D400001E6BF /* NoteRest.swift */ = {isa = PBXFileReference; lastKnownFileType = sourcecode.swift; path = NoteRest.swift; sourceTree = "<group>"; };
		CAA6409F252A3DA90001E6BF /* Accidental.swift */ = {isa = PBXFileReference; lastKnownFileType = sourcecode.swift; path = Accidental.swift; sourceTree = "<group>"; };
		CAA640A7252A40880001E6BF /* Bar.swift */ = {isa = PBXFileReference; fileEncoding = 4; lastKnownFileType = sourcecode.swift; path = Bar.swift; sourceTree = "<group>"; };
/* End PBXFileReference section */

/* Begin PBXFrameworksBuildPhase section */
		CA4C28C225275B0900A9FEBA /* Frameworks */ = {
			isa = PBXFrameworksBuildPhase;
			buildActionMask = 2147483647;
			files = (
			);
			runOnlyForDeploymentPostprocessing = 0;
		};
		CA4C28D825275B0B00A9FEBA /* Frameworks */ = {
			isa = PBXFrameworksBuildPhase;
			buildActionMask = 2147483647;
			files = (
			);
			runOnlyForDeploymentPostprocessing = 0;
		};
		CA4C28E325275B0B00A9FEBA /* Frameworks */ = {
			isa = PBXFrameworksBuildPhase;
			buildActionMask = 2147483647;
			files = (
			);
			runOnlyForDeploymentPostprocessing = 0;
		};
/* End PBXFrameworksBuildPhase section */

/* Begin PBXGroup section */
		CA4C28BC25275B0900A9FEBA = {
			isa = PBXGroup;
			children = (
				CA6BEFC4253F6CC0001CEBF1 /* Libraries */,
				CA4C28C725275B0900A9FEBA /* Manuscript */,
				CA4C28DE25275B0B00A9FEBA /* ManuscriptTests */,
				CA4C28E925275B0B00A9FEBA /* ManuscriptUITests */,
				CA4C28C625275B0900A9FEBA /* Products */,
			);
			sourceTree = "<group>";
		};
		CA4C28C625275B0900A9FEBA /* Products */ = {
			isa = PBXGroup;
			children = (
				CA4C28C525275B0900A9FEBA /* Manuscript.app */,
				CA4C28DB25275B0B00A9FEBA /* ManuscriptTests.xctest */,
				CA4C28E625275B0B00A9FEBA /* ManuscriptUITests.xctest */,
			);
			name = Products;
			sourceTree = "<group>";
		};
		CA4C28C725275B0900A9FEBA /* Manuscript */ = {
			isa = PBXGroup;
			children = (
				CA7C343A252CCDA700602ED9 /* View */,
				CA7C3439252CCD7800602ED9 /* Model */,
				CA4C28C825275B0900A9FEBA /* ManuscriptApp.swift */,
				CA4C28CC25275B0B00A9FEBA /* Assets.xcassets */,
				CA4C28D125275B0B00A9FEBA /* Persistence.swift */,
				CA4C28D625275B0B00A9FEBA /* Info.plist */,
				CA4C28D325275B0B00A9FEBA /* Manuscript.xcdatamodeld */,
				CA7E2D9525643A5F00DC79A7 /* SymbolClassifier.mlmodel */,
				CA4C28CE25275B0B00A9FEBA /* Preview Content */,
			);
			path = Manuscript;
			sourceTree = "<group>";
		};
		CA4C28CE25275B0B00A9FEBA /* Preview Content */ = {
			isa = PBXGroup;
			children = (
				CA4C28CF25275B0B00A9FEBA /* Preview Assets.xcassets */,
			);
			path = "Preview Content";
			sourceTree = "<group>";
		};
		CA4C28DE25275B0B00A9FEBA /* ManuscriptTests */ = {
			isa = PBXGroup;
			children = (
				CA4C28DF25275B0B00A9FEBA /* ManuscriptTests.swift */,
				CA4C28E125275B0B00A9FEBA /* Info.plist */,
			);
			path = ManuscriptTests;
			sourceTree = "<group>";
		};
		CA4C28E925275B0B00A9FEBA /* ManuscriptUITests */ = {
			isa = PBXGroup;
			children = (
				CA4C28EA25275B0B00A9FEBA /* ManuscriptUITests.swift */,
				CA4C28EC25275B0B00A9FEBA /* Info.plist */,
			);
			path = ManuscriptUITests;
			sourceTree = "<group>";
		};
		CA6BEFC4253F6CC0001CEBF1 /* Libraries */ = {
			isa = PBXGroup;
			children = (
				CA6BEFC5253F6CD7001CEBF1 /* CGImage+CVPixelBuffer.swift */,
			);
			path = Libraries;
			sourceTree = "<group>";
		};
		CA7C3439252CCD7800602ED9 /* Model */ = {
			isa = PBXGroup;
			children = (
				CAA640A7252A40880001E6BF /* Bar.swift */,
				CA4C290425275C3D00A9FEBA /* SymbolEnum.swift */,
				CA4C28FB25275C1C00A9FEBA /* Symbol.swift */,
				CAA6407E252A3B910001E6BF /* Staff.swift */,
				CA4C28FC25275C1C00A9FEBA /* SymbolPosition.swift */,
				CAA64090252A3C760001E6BF /* TimeSignature.swift */,
				CAA64095252A3CE60001E6BF /* Clef.swift */,
				CAA6409A252A3D400001E6BF /* NoteRest.swift */,
				CAA6409F252A3DA90001E6BF /* Accidental.swift */,
				CA7C343E252CCEB500602ED9 /* DrawableStaff.swift */,
				CA7C3443252CCF6400602ED9 /* Drawing.swift */,
				CA7C346A252D0FD400602ED9 /* ImageClassifier.swift */,
			);
			path = Model;
			sourceTree = "<group>";
		};
		CA7C343A252CCDA700602ED9 /* View */ = {
			isa = PBXGroup;
			children = (
				CA4C28CA25275B0900A9FEBA /* ContentView.swift */,
			);
			path = View;
			sourceTree = "<group>";
		};
/* End PBXGroup section */

/* Begin PBXNativeTarget section */
		CA4C28C425275B0900A9FEBA /* Manuscript */ = {
			isa = PBXNativeTarget;
			buildConfigurationList = CA4C28EF25275B0B00A9FEBA /* Build configuration list for PBXNativeTarget "Manuscript" */;
			buildPhases = (
				CA4C28C125275B0900A9FEBA /* Sources */,
				CA4C28C225275B0900A9FEBA /* Frameworks */,
				CA4C28C325275B0900A9FEBA /* Resources */,
			);
			buildRules = (
			);
			dependencies = (
			);
			name = Manuscript;
			productName = Manuscript;
			productReference = CA4C28C525275B0900A9FEBA /* Manuscript.app */;
			productType = "com.apple.product-type.application";
		};
		CA4C28DA25275B0B00A9FEBA /* ManuscriptTests */ = {
			isa = PBXNativeTarget;
			buildConfigurationList = CA4C28F225275B0B00A9FEBA /* Build configuration list for PBXNativeTarget "ManuscriptTests" */;
			buildPhases = (
				CA4C28D725275B0B00A9FEBA /* Sources */,
				CA4C28D825275B0B00A9FEBA /* Frameworks */,
				CA4C28D925275B0B00A9FEBA /* Resources */,
			);
			buildRules = (
			);
			dependencies = (
				CA4C28DD25275B0B00A9FEBA /* PBXTargetDependency */,
			);
			name = ManuscriptTests;
			productName = ManuscriptTests;
			productReference = CA4C28DB25275B0B00A9FEBA /* ManuscriptTests.xctest */;
			productType = "com.apple.product-type.bundle.unit-test";
		};
		CA4C28E525275B0B00A9FEBA /* ManuscriptUITests */ = {
			isa = PBXNativeTarget;
			buildConfigurationList = CA4C28F525275B0B00A9FEBA /* Build configuration list for PBXNativeTarget "ManuscriptUITests" */;
			buildPhases = (
				CA4C28E225275B0B00A9FEBA /* Sources */,
				CA4C28E325275B0B00A9FEBA /* Frameworks */,
				CA4C28E425275B0B00A9FEBA /* Resources */,
			);
			buildRules = (
			);
			dependencies = (
				CA4C28E825275B0B00A9FEBA /* PBXTargetDependency */,
			);
			name = ManuscriptUITests;
			productName = ManuscriptUITests;
			productReference = CA4C28E625275B0B00A9FEBA /* ManuscriptUITests.xctest */;
			productType = "com.apple.product-type.bundle.ui-testing";
		};
/* End PBXNativeTarget section */

/* Begin PBXProject section */
		CA4C28BD25275B0900A9FEBA /* Project object */ = {
			isa = PBXProject;
			attributes = {
				LastSwiftUpdateCheck = 1200;
				LastUpgradeCheck = 1200;
				TargetAttributes = {
					CA4C28C425275B0900A9FEBA = {
						CreatedOnToolsVersion = 12.0.1;
					};
					CA4C28DA25275B0B00A9FEBA = {
						CreatedOnToolsVersion = 12.0.1;
						TestTargetID = CA4C28C425275B0900A9FEBA;
					};
					CA4C28E525275B0B00A9FEBA = {
						CreatedOnToolsVersion = 12.0.1;
						TestTargetID = CA4C28C425275B0900A9FEBA;
					};
				};
			};
			buildConfigurationList = CA4C28C025275B0900A9FEBA /* Build configuration list for PBXProject "Manuscript" */;
			compatibilityVersion = "Xcode 9.3";
			developmentRegion = en;
			hasScannedForEncodings = 0;
			knownRegions = (
				en,
				Base,
			);
			mainGroup = CA4C28BC25275B0900A9FEBA;
			productRefGroup = CA4C28C625275B0900A9FEBA /* Products */;
			projectDirPath = "";
			projectRoot = "";
			targets = (
				CA4C28C425275B0900A9FEBA /* Manuscript */,
				CA4C28DA25275B0B00A9FEBA /* ManuscriptTests */,
				CA4C28E525275B0B00A9FEBA /* ManuscriptUITests */,
			);
		};
/* End PBXProject section */

/* Begin PBXResourcesBuildPhase section */
		CA4C28C325275B0900A9FEBA /* Resources */ = {
			isa = PBXResourcesBuildPhase;
			buildActionMask = 2147483647;
			files = (
				CA4C28D025275B0B00A9FEBA /* Preview Assets.xcassets in Resources */,
				CA4C28CD25275B0B00A9FEBA /* Assets.xcassets in Resources */,
			);
			runOnlyForDeploymentPostprocessing = 0;
		};
		CA4C28D925275B0B00A9FEBA /* Resources */ = {
			isa = PBXResourcesBuildPhase;
			buildActionMask = 2147483647;
			files = (
			);
			runOnlyForDeploymentPostprocessing = 0;
		};
		CA4C28E425275B0B00A9FEBA /* Resources */ = {
			isa = PBXResourcesBuildPhase;
			buildActionMask = 2147483647;
			files = (
			);
			runOnlyForDeploymentPostprocessing = 0;
		};
/* End PBXResourcesBuildPhase section */

/* Begin PBXSourcesBuildPhase section */
		CA4C28C125275B0900A9FEBA /* Sources */ = {
			isa = PBXSourcesBuildPhase;
			buildActionMask = 2147483647;
			files = (
				CA7C343F252CCEB500602ED9 /* DrawableStaff.swift in Sources */,
				CAA6407F252A3B910001E6BF /* Staff.swift in Sources */,
				CA4C28D225275B0B00A9FEBA /* Persistence.swift in Sources */,
				CA6BEFC6253F6CD7001CEBF1 /* CGImage+CVPixelBuffer.swift in Sources */,
				CA7C3444252CCF6400602ED9 /* Drawing.swift in Sources */,
				CAA640A0252A3DA90001E6BF /* Accidental.swift in Sources */,
				CA4C28FE25275C1D00A9FEBA /* Symbol.swift in Sources */,
				CAA64091252A3C760001E6BF /* TimeSignature.swift in Sources */,
				CA4C28D525275B0B00A9FEBA /* Manuscript.xcdatamodeld in Sources */,
				CA4C28CB25275B0900A9FEBA /* ContentView.swift in Sources */,
				CA4C28FF25275C1D00A9FEBA /* SymbolPosition.swift in Sources */,
				CAA640A8252A40890001E6BF /* Bar.swift in Sources */,
				CA7E2D9625643A5F00DC79A7 /* SymbolClassifier.mlmodel in Sources */,
				CA4C290525275C3D00A9FEBA /* SymbolEnum.swift in Sources */,
				CA4C28C925275B0900A9FEBA /* ManuscriptApp.swift in Sources */,
				CA7C346B252D0FD400602ED9 /* ImageClassifier.swift in Sources */,
				CAA64096252A3CE60001E6BF /* Clef.swift in Sources */,
				CAA6409B252A3D400001E6BF /* NoteRest.swift in Sources */,
			);
			runOnlyForDeploymentPostprocessing = 0;
		};
		CA4C28D725275B0B00A9FEBA /* Sources */ = {
			isa = PBXSourcesBuildPhase;
			buildActionMask = 2147483647;
			files = (
				CA4C28E025275B0B00A9FEBA /* ManuscriptTests.swift in Sources */,
			);
			runOnlyForDeploymentPostprocessing = 0;
		};
		CA4C28E225275B0B00A9FEBA /* Sources */ = {
			isa = PBXSourcesBuildPhase;
			buildActionMask = 2147483647;
			files = (
				CA4C28EB25275B0B00A9FEBA /* ManuscriptUITests.swift in Sources */,
			);
			runOnlyForDeploymentPostprocessing = 0;
		};
/* End PBXSourcesBuildPhase section */

/* Begin PBXTargetDependency section */
		CA4C28DD25275B0B00A9FEBA /* PBXTargetDependency */ = {
			isa = PBXTargetDependency;
			target = CA4C28C425275B0900A9FEBA /* Manuscript */;
			targetProxy = CA4C28DC25275B0B00A9FEBA /* PBXContainerItemProxy */;
		};
		CA4C28E825275B0B00A9FEBA /* PBXTargetDependency */ = {
			isa = PBXTargetDependency;
			target = CA4C28C425275B0900A9FEBA /* Manuscript */;
			targetProxy = CA4C28E725275B0B00A9FEBA /* PBXContainerItemProxy */;
		};
/* End PBXTargetDependency section */

/* Begin XCBuildConfiguration section */
		CA4C28ED25275B0B00A9FEBA /* Debug */ = {
			isa = XCBuildConfiguration;
			buildSettings = {
				ALWAYS_SEARCH_USER_PATHS = NO;
				CLANG_ANALYZER_NONNULL = YES;
				CLANG_ANALYZER_NUMBER_OBJECT_CONVERSION = YES_AGGRESSIVE;
				CLANG_CXX_LANGUAGE_STANDARD = "gnu++14";
				CLANG_CXX_LIBRARY = "libc++";
				CLANG_ENABLE_MODULES = YES;
				CLANG_ENABLE_OBJC_ARC = YES;
				CLANG_ENABLE_OBJC_WEAK = YES;
				CLANG_WARN_BLOCK_CAPTURE_AUTORELEASING = YES;
				CLANG_WARN_BOOL_CONVERSION = YES;
				CLANG_WARN_COMMA = YES;
				CLANG_WARN_CONSTANT_CONVERSION = YES;
				CLANG_WARN_DEPRECATED_OBJC_IMPLEMENTATIONS = YES;
				CLANG_WARN_DIRECT_OBJC_ISA_USAGE = YES_ERROR;
				CLANG_WARN_DOCUMENTATION_COMMENTS = YES;
				CLANG_WARN_EMPTY_BODY = YES;
				CLANG_WARN_ENUM_CONVERSION = YES;
				CLANG_WARN_INFINITE_RECURSION = YES;
				CLANG_WARN_INT_CONVERSION = YES;
				CLANG_WARN_NON_LITERAL_NULL_CONVERSION = YES;
				CLANG_WARN_OBJC_IMPLICIT_RETAIN_SELF = YES;
				CLANG_WARN_OBJC_LITERAL_CONVERSION = YES;
				CLANG_WARN_OBJC_ROOT_CLASS = YES_ERROR;
				CLANG_WARN_QUOTED_INCLUDE_IN_FRAMEWORK_HEADER = YES;
				CLANG_WARN_RANGE_LOOP_ANALYSIS = YES;
				CLANG_WARN_STRICT_PROTOTYPES = YES;
				CLANG_WARN_SUSPICIOUS_MOVE = YES;
				CLANG_WARN_UNGUARDED_AVAILABILITY = YES_AGGRESSIVE;
				CLANG_WARN_UNREACHABLE_CODE = YES;
				CLANG_WARN__DUPLICATE_METHOD_MATCH = YES;
				COPY_PHASE_STRIP = NO;
				DEBUG_INFORMATION_FORMAT = dwarf;
				ENABLE_STRICT_OBJC_MSGSEND = YES;
				ENABLE_TESTABILITY = YES;
				GCC_C_LANGUAGE_STANDARD = gnu11;
				GCC_DYNAMIC_NO_PIC = NO;
				GCC_NO_COMMON_BLOCKS = YES;
				GCC_OPTIMIZATION_LEVEL = 0;
				GCC_PREPROCESSOR_DEFINITIONS = (
					"DEBUG=1",
					"$(inherited)",
				);
				GCC_WARN_64_TO_32_BIT_CONVERSION = YES;
				GCC_WARN_ABOUT_RETURN_TYPE = YES_ERROR;
				GCC_WARN_UNDECLARED_SELECTOR = YES;
				GCC_WARN_UNINITIALIZED_AUTOS = YES_AGGRESSIVE;
				GCC_WARN_UNUSED_FUNCTION = YES;
				GCC_WARN_UNUSED_VARIABLE = YES;
				IPHONEOS_DEPLOYMENT_TARGET = 14.0;
				MTL_ENABLE_DEBUG_INFO = INCLUDE_SOURCE;
				MTL_FAST_MATH = YES;
				ONLY_ACTIVE_ARCH = YES;
				SDKROOT = iphoneos;
				SWIFT_ACTIVE_COMPILATION_CONDITIONS = DEBUG;
				SWIFT_OPTIMIZATION_LEVEL = "-Onone";
			};
			name = Debug;
		};
		CA4C28EE25275B0B00A9FEBA /* Release */ = {
			isa = XCBuildConfiguration;
			buildSettings = {
				ALWAYS_SEARCH_USER_PATHS = NO;
				CLANG_ANALYZER_NONNULL = YES;
				CLANG_ANALYZER_NUMBER_OBJECT_CONVERSION = YES_AGGRESSIVE;
				CLANG_CXX_LANGUAGE_STANDARD = "gnu++14";
				CLANG_CXX_LIBRARY = "libc++";
				CLANG_ENABLE_MODULES = YES;
				CLANG_ENABLE_OBJC_ARC = YES;
				CLANG_ENABLE_OBJC_WEAK = YES;
				CLANG_WARN_BLOCK_CAPTURE_AUTORELEASING = YES;
				CLANG_WARN_BOOL_CONVERSION = YES;
				CLANG_WARN_COMMA = YES;
				CLANG_WARN_CONSTANT_CONVERSION = YES;
				CLANG_WARN_DEPRECATED_OBJC_IMPLEMENTATIONS = YES;
				CLANG_WARN_DIRECT_OBJC_ISA_USAGE = YES_ERROR;
				CLANG_WARN_DOCUMENTATION_COMMENTS = YES;
				CLANG_WARN_EMPTY_BODY = YES;
				CLANG_WARN_ENUM_CONVERSION = YES;
				CLANG_WARN_INFINITE_RECURSION = YES;
				CLANG_WARN_INT_CONVERSION = YES;
				CLANG_WARN_NON_LITERAL_NULL_CONVERSION = YES;
				CLANG_WARN_OBJC_IMPLICIT_RETAIN_SELF = YES;
				CLANG_WARN_OBJC_LITERAL_CONVERSION = YES;
				CLANG_WARN_OBJC_ROOT_CLASS = YES_ERROR;
				CLANG_WARN_QUOTED_INCLUDE_IN_FRAMEWORK_HEADER = YES;
				CLANG_WARN_RANGE_LOOP_ANALYSIS = YES;
				CLANG_WARN_STRICT_PROTOTYPES = YES;
				CLANG_WARN_SUSPICIOUS_MOVE = YES;
				CLANG_WARN_UNGUARDED_AVAILABILITY = YES_AGGRESSIVE;
				CLANG_WARN_UNREACHABLE_CODE = YES;
				CLANG_WARN__DUPLICATE_METHOD_MATCH = YES;
				COPY_PHASE_STRIP = NO;
				DEBUG_INFORMATION_FORMAT = "dwarf-with-dsym";
				ENABLE_NS_ASSERTIONS = NO;
				ENABLE_STRICT_OBJC_MSGSEND = YES;
				GCC_C_LANGUAGE_STANDARD = gnu11;
				GCC_NO_COMMON_BLOCKS = YES;
				GCC_WARN_64_TO_32_BIT_CONVERSION = YES;
				GCC_WARN_ABOUT_RETURN_TYPE = YES_ERROR;
				GCC_WARN_UNDECLARED_SELECTOR = YES;
				GCC_WARN_UNINITIALIZED_AUTOS = YES_AGGRESSIVE;
				GCC_WARN_UNUSED_FUNCTION = YES;
				GCC_WARN_UNUSED_VARIABLE = YES;
				IPHONEOS_DEPLOYMENT_TARGET = 14.0;
				MTL_ENABLE_DEBUG_INFO = NO;
				MTL_FAST_MATH = YES;
				SDKROOT = iphoneos;
				SWIFT_COMPILATION_MODE = wholemodule;
				SWIFT_OPTIMIZATION_LEVEL = "-O";
				VALIDATE_PRODUCT = YES;
			};
			name = Release;
		};
		CA4C28F025275B0B00A9FEBA /* Debug */ = {
			isa = XCBuildConfiguration;
			buildSettings = {
				ASSETCATALOG_COMPILER_APPICON_NAME = AppIcon;
				ASSETCATALOG_COMPILER_GLOBAL_ACCENT_COLOR_NAME = AccentColor;
				CODE_SIGN_STYLE = Automatic;
				DEVELOPMENT_ASSET_PATHS = "\"Manuscript/Preview Content\"";
				DEVELOPMENT_TEAM = T227M9525C;
				ENABLE_PREVIEWS = YES;
				INFOPLIST_FILE = Manuscript/Info.plist;
				IPHONEOS_DEPLOYMENT_TARGET = 14.0;
				LD_RUNPATH_SEARCH_PATHS = (
					"$(inherited)",
					"@executable_path/Frameworks",
				);
				PRODUCT_BUNDLE_IDENTIFIER = edu.hendrix.ivyjs.Manuscript;
				PRODUCT_NAME = "$(TARGET_NAME)";
				SWIFT_VERSION = 5.0;
				TARGETED_DEVICE_FAMILY = "1,2";
			};
			name = Debug;
		};
		CA4C28F125275B0B00A9FEBA /* Release */ = {
			isa = XCBuildConfiguration;
			buildSettings = {
				ASSETCATALOG_COMPILER_APPICON_NAME = AppIcon;
				ASSETCATALOG_COMPILER_GLOBAL_ACCENT_COLOR_NAME = AccentColor;
				CODE_SIGN_STYLE = Automatic;
				DEVELOPMENT_ASSET_PATHS = "\"Manuscript/Preview Content\"";
				DEVELOPMENT_TEAM = T227M9525C;
				ENABLE_PREVIEWS = YES;
				INFOPLIST_FILE = Manuscript/Info.plist;
				IPHONEOS_DEPLOYMENT_TARGET = 14.0;
				LD_RUNPATH_SEARCH_PATHS = (
					"$(inherited)",
					"@executable_path/Frameworks",
				);
				PRODUCT_BUNDLE_IDENTIFIER = edu.hendrix.ivyjs.Manuscript;
				PRODUCT_NAME = "$(TARGET_NAME)";
				SWIFT_VERSION = 5.0;
				TARGETED_DEVICE_FAMILY = "1,2";
			};
			name = Release;
		};
		CA4C28F325275B0B00A9FEBA /* Debug */ = {
			isa = XCBuildConfiguration;
			buildSettings = {
				ALWAYS_EMBED_SWIFT_STANDARD_LIBRARIES = YES;
				BUNDLE_LOADER = "$(TEST_HOST)";
				CODE_SIGN_STYLE = Automatic;
				DEVELOPMENT_TEAM = T227M9525C;
				INFOPLIST_FILE = ManuscriptTests/Info.plist;
				IPHONEOS_DEPLOYMENT_TARGET = 14.0;
				LD_RUNPATH_SEARCH_PATHS = (
					"$(inherited)",
					"@executable_path/Frameworks",
					"@loader_path/Frameworks",
				);
				PRODUCT_BUNDLE_IDENTIFIER = edu.hendrix.ivyjs.ManuscriptTests;
				PRODUCT_NAME = "$(TARGET_NAME)";
				SWIFT_VERSION = 5.0;
				TARGETED_DEVICE_FAMILY = "1,2";
				TEST_HOST = "$(BUILT_PRODUCTS_DIR)/Manuscript.app/Manuscript";
			};
			name = Debug;
		};
		CA4C28F425275B0B00A9FEBA /* Release */ = {
			isa = XCBuildConfiguration;
			buildSettings = {
				ALWAYS_EMBED_SWIFT_STANDARD_LIBRARIES = YES;
				BUNDLE_LOADER = "$(TEST_HOST)";
				CODE_SIGN_STYLE = Automatic;
				DEVELOPMENT_TEAM = T227M9525C;
				INFOPLIST_FILE = ManuscriptTests/Info.plist;
				IPHONEOS_DEPLOYMENT_TARGET = 14.0;
				LD_RUNPATH_SEARCH_PATHS = (
					"$(inherited)",
					"@executable_path/Frameworks",
					"@loader_path/Frameworks",
				);
				PRODUCT_BUNDLE_IDENTIFIER = edu.hendrix.ivyjs.ManuscriptTests;
				PRODUCT_NAME = "$(TARGET_NAME)";
				SWIFT_VERSION = 5.0;
				TARGETED_DEVICE_FAMILY = "1,2";
				TEST_HOST = "$(BUILT_PRODUCTS_DIR)/Manuscript.app/Manuscript";
			};
			name = Release;
		};
		CA4C28F625275B0B00A9FEBA /* Debug */ = {
			isa = XCBuildConfiguration;
			buildSettings = {
				ALWAYS_EMBED_SWIFT_STANDARD_LIBRARIES = YES;
				CODE_SIGN_STYLE = Automatic;
				DEVELOPMENT_TEAM = T227M9525C;
				INFOPLIST_FILE = ManuscriptUITests/Info.plist;
				LD_RUNPATH_SEARCH_PATHS = (
					"$(inherited)",
					"@executable_path/Frameworks",
					"@loader_path/Frameworks",
				);
				PRODUCT_BUNDLE_IDENTIFIER = edu.hendrix.ivyjs.ManuscriptUITests;
				PRODUCT_NAME = "$(TARGET_NAME)";
				SWIFT_VERSION = 5.0;
				TARGETED_DEVICE_FAMILY = "1,2";
				TEST_TARGET_NAME = Manuscript;
			};
			name = Debug;
		};
		CA4C28F725275B0B00A9FEBA /* Release */ = {
			isa = XCBuildConfiguration;
			buildSettings = {
				ALWAYS_EMBED_SWIFT_STANDARD_LIBRARIES = YES;
				CODE_SIGN_STYLE = Automatic;
				DEVELOPMENT_TEAM = T227M9525C;
				INFOPLIST_FILE = ManuscriptUITests/Info.plist;
				LD_RUNPATH_SEARCH_PATHS = (
					"$(inherited)",
					"@executable_path/Frameworks",
					"@loader_path/Frameworks",
				);
				PRODUCT_BUNDLE_IDENTIFIER = edu.hendrix.ivyjs.ManuscriptUITests;
				PRODUCT_NAME = "$(TARGET_NAME)";
				SWIFT_VERSION = 5.0;
				TARGETED_DEVICE_FAMILY = "1,2";
				TEST_TARGET_NAME = Manuscript;
			};
			name = Release;
		};
/* End XCBuildConfiguration section */

/* Begin XCConfigurationList section */
		CA4C28C025275B0900A9FEBA /* Build configuration list for PBXProject "Manuscript" */ = {
			isa = XCConfigurationList;
			buildConfigurations = (
				CA4C28ED25275B0B00A9FEBA /* Debug */,
				CA4C28EE25275B0B00A9FEBA /* Release */,
			);
			defaultConfigurationIsVisible = 0;
			defaultConfigurationName = Release;
		};
		CA4C28EF25275B0B00A9FEBA /* Build configuration list for PBXNativeTarget "Manuscript" */ = {
			isa = XCConfigurationList;
			buildConfigurations = (
				CA4C28F025275B0B00A9FEBA /* Debug */,
				CA4C28F125275B0B00A9FEBA /* Release */,
			);
			defaultConfigurationIsVisible = 0;
			defaultConfigurationName = Release;
		};
		CA4C28F225275B0B00A9FEBA /* Build configuration list for PBXNativeTarget "ManuscriptTests" */ = {
			isa = XCConfigurationList;
			buildConfigurations = (
				CA4C28F325275B0B00A9FEBA /* Debug */,
				CA4C28F425275B0B00A9FEBA /* Release */,
			);
			defaultConfigurationIsVisible = 0;
			defaultConfigurationName = Release;
		};
		CA4C28F525275B0B00A9FEBA /* Build configuration list for PBXNativeTarget "ManuscriptUITests" */ = {
			isa = XCConfigurationList;
			buildConfigurations = (
				CA4C28F625275B0B00A9FEBA /* Debug */,
				CA4C28F725275B0B00A9FEBA /* Release */,
			);
			defaultConfigurationIsVisible = 0;
			defaultConfigurationName = Release;
		};
/* End XCConfigurationList section */

/* Begin XCVersionGroup section */
		CA4C28D325275B0B00A9FEBA /* Manuscript.xcdatamodeld */ = {
			isa = XCVersionGroup;
			children = (
				CA4C28D425275B0B00A9FEBA /* Manuscript.xcdatamodel */,
			);
			currentVersion = CA4C28D425275B0B00A9FEBA /* Manuscript.xcdatamodel */;
			path = Manuscript.xcdatamodeld;
			sourceTree = "<group>";
			versionGroupType = wrapper.xcdatamodel;
		};
/* End XCVersionGroup section */
	};
	rootObject = CA4C28BD25275B0900A9FEBA /* Project object */;
}
